
Microsoft Visual Studio Solution File, Format Version 12.00
# Visual Studio 15
VisualStudioVersion = 15.0.26124.0
MinimumVisualStudioVersion = 15.0.26124.0
Project("{2150E333-8FDC-42A3-9474-1A3956D46DE8}") = "DataAccess", "DataAccess", "{6F3FB67D-74A7-4915-9FF0-ACCB709C1089}"
EndProject
Project("{FAE04EC0-301F-11D3-BF4B-00C04F79EFBC}") = "BusinessCore", "BusinessCore\BusinessCore.csproj", "{AF2C4DF3-47D6-47DC-8E2A-334474D0FABA}"
EndProject
Project("{FAE04EC0-301F-11D3-BF4B-00C04F79EFBC}") = "AdoDataProvider", "DataAccess\AdoDataProvider\AdoDataProvider.csproj", "{E4A2FB37-748E-41DF-872D-1F06C5DF2DB3}"
EndProject
Project("{FAE04EC0-301F-11D3-BF4B-00C04F79EFBC}") = "EfDataProvider", "DataAccess\EfDataProvider\EfDataProvider.csproj", "{975E2BE9-7CC2-4206-AE26-DE68B51331CF}"
EndProject
Project("{FAE04EC0-301F-11D3-BF4B-00C04F79EFBC}") = "Shared", "Shared\Shared.csproj", "{FEB8ECB0-BF2A-49FD-B02D-ED969A6F0322}"
EndProject
Project("{FAE04EC0-301F-11D3-BF4B-00C04F79EFBC}") = "DataApi", "DataApi\DataApi.csproj", "{CD893C1C-3437-4E1D-992A-CE557480FC1F}"
EndProject
Project("{FAE04EC0-301F-11D3-BF4B-00C04F79EFBC}") = "IdentityApi", "IdentityApi\IdentityApi.csproj", "{BDC68253-B24D-4A26-BC98-D878B2499280}"
EndProject
Project("{FAE04EC0-301F-11D3-BF4B-00C04F79EFBC}") = "IdentityDataProvider", "DataAccess\IdentityDataProvider\IdentityDataProvider.csproj", "{0589B61A-39D0-40A4-8F38-837FA5E7F6D5}"
EndProject
Project("{FAE04EC0-301F-11D3-BF4B-00C04F79EFBC}") = "Entities", "Entities\Entities.csproj", "{6F1C3A89-17C8-4225-99DD-2D9BABB198E5}"
EndProject
Global
	GlobalSection(SolutionConfigurationPlatforms) = preSolution
		Debug|Any CPU = Debug|Any CPU
		Debug|x64 = Debug|x64
		Debug|x86 = Debug|x86
		Release|Any CPU = Release|Any CPU
		Release|x64 = Release|x64
		Release|x86 = Release|x86
	EndGlobalSection
	GlobalSection(SolutionProperties) = preSolution
		HideSolutionNode = FALSE
	EndGlobalSection
	GlobalSection(ProjectConfigurationPlatforms) = postSolution
		{AF2C4DF3-47D6-47DC-8E2A-334474D0FABA}.Debug|Any CPU.ActiveCfg = Debug|Any CPU
		{AF2C4DF3-47D6-47DC-8E2A-334474D0FABA}.Debug|Any CPU.Build.0 = Debug|Any CPU
		{AF2C4DF3-47D6-47DC-8E2A-334474D0FABA}.Debug|x64.ActiveCfg = Debug|Any CPU
		{AF2C4DF3-47D6-47DC-8E2A-334474D0FABA}.Debug|x64.Build.0 = Debug|Any CPU
		{AF2C4DF3-47D6-47DC-8E2A-334474D0FABA}.Debug|x86.ActiveCfg = Debug|Any CPU
		{AF2C4DF3-47D6-47DC-8E2A-334474D0FABA}.Debug|x86.Build.0 = Debug|Any CPU
		{AF2C4DF3-47D6-47DC-8E2A-334474D0FABA}.Release|Any CPU.ActiveCfg = Release|Any CPU
		{AF2C4DF3-47D6-47DC-8E2A-334474D0FABA}.Release|Any CPU.Build.0 = Release|Any CPU
		{AF2C4DF3-47D6-47DC-8E2A-334474D0FABA}.Release|x64.ActiveCfg = Release|Any CPU
		{AF2C4DF3-47D6-47DC-8E2A-334474D0FABA}.Release|x64.Build.0 = Release|Any CPU
		{AF2C4DF3-47D6-47DC-8E2A-334474D0FABA}.Release|x86.ActiveCfg = Release|Any CPU
		{AF2C4DF3-47D6-47DC-8E2A-334474D0FABA}.Release|x86.Build.0 = Release|Any CPU
		{E4A2FB37-748E-41DF-872D-1F06C5DF2DB3}.Debug|Any CPU.ActiveCfg = Debug|Any CPU
		{E4A2FB37-748E-41DF-872D-1F06C5DF2DB3}.Debug|Any CPU.Build.0 = Debug|Any CPU
		{E4A2FB37-748E-41DF-872D-1F06C5DF2DB3}.Debug|x64.ActiveCfg = Debug|Any CPU
		{E4A2FB37-748E-41DF-872D-1F06C5DF2DB3}.Debug|x64.Build.0 = Debug|Any CPU
		{E4A2FB37-748E-41DF-872D-1F06C5DF2DB3}.Debug|x86.ActiveCfg = Debug|Any CPU
		{E4A2FB37-748E-41DF-872D-1F06C5DF2DB3}.Debug|x86.Build.0 = Debug|Any CPU
		{E4A2FB37-748E-41DF-872D-1F06C5DF2DB3}.Release|Any CPU.ActiveCfg = Release|Any CPU
		{E4A2FB37-748E-41DF-872D-1F06C5DF2DB3}.Release|Any CPU.Build.0 = Release|Any CPU
		{E4A2FB37-748E-41DF-872D-1F06C5DF2DB3}.Release|x64.ActiveCfg = Release|Any CPU
		{E4A2FB37-748E-41DF-872D-1F06C5DF2DB3}.Release|x64.Build.0 = Release|Any CPU
		{E4A2FB37-748E-41DF-872D-1F06C5DF2DB3}.Release|x86.ActiveCfg = Release|Any CPU
		{E4A2FB37-748E-41DF-872D-1F06C5DF2DB3}.Release|x86.Build.0 = Release|Any CPU
		{975E2BE9-7CC2-4206-AE26-DE68B51331CF}.Debug|Any CPU.ActiveCfg = Debug|Any CPU
		{975E2BE9-7CC2-4206-AE26-DE68B51331CF}.Debug|Any CPU.Build.0 = Debug|Any CPU
		{975E2BE9-7CC2-4206-AE26-DE68B51331CF}.Debug|x64.ActiveCfg = Debug|Any CPU
		{975E2BE9-7CC2-4206-AE26-DE68B51331CF}.Debug|x64.Build.0 = Debug|Any CPU
		{975E2BE9-7CC2-4206-AE26-DE68B51331CF}.Debug|x86.ActiveCfg = Debug|Any CPU
		{975E2BE9-7CC2-4206-AE26-DE68B51331CF}.Debug|x86.Build.0 = Debug|Any CPU
		{975E2BE9-7CC2-4206-AE26-DE68B51331CF}.Release|Any CPU.ActiveCfg = Release|Any CPU
		{975E2BE9-7CC2-4206-AE26-DE68B51331CF}.Release|Any CPU.Build.0 = Release|Any CPU
		{975E2BE9-7CC2-4206-AE26-DE68B51331CF}.Release|x64.ActiveCfg = Release|Any CPU
		{975E2BE9-7CC2-4206-AE26-DE68B51331CF}.Release|x64.Build.0 = Release|Any CPU
		{975E2BE9-7CC2-4206-AE26-DE68B51331CF}.Release|x86.ActiveCfg = Release|Any CPU
		{975E2BE9-7CC2-4206-AE26-DE68B51331CF}.Release|x86.Build.0 = Release|Any CPU
		{FEB8ECB0-BF2A-49FD-B02D-ED969A6F0322}.Debug|Any CPU.ActiveCfg = Debug|Any CPU
		{FEB8ECB0-BF2A-49FD-B02D-ED969A6F0322}.Debug|Any CPU.Build.0 = Debug|Any CPU
		{FEB8ECB0-BF2A-49FD-B02D-ED969A6F0322}.Debug|x64.ActiveCfg = Debug|Any CPU
		{FEB8ECB0-BF2A-49FD-B02D-ED969A6F0322}.Debug|x64.Build.0 = Debug|Any CPU
		{FEB8ECB0-BF2A-49FD-B02D-ED969A6F0322}.Debug|x86.ActiveCfg = Debug|Any CPU
		{FEB8ECB0-BF2A-49FD-B02D-ED969A6F0322}.Debug|x86.Build.0 = Debug|Any CPU
		{FEB8ECB0-BF2A-49FD-B02D-ED969A6F0322}.Release|Any CPU.ActiveCfg = Release|Any CPU
		{FEB8ECB0-BF2A-49FD-B02D-ED969A6F0322}.Release|Any CPU.Build.0 = Release|Any CPU
		{FEB8ECB0-BF2A-49FD-B02D-ED969A6F0322}.Release|x64.ActiveCfg = Release|Any CPU
		{FEB8ECB0-BF2A-49FD-B02D-ED969A6F0322}.Release|x64.Build.0 = Release|Any CPU
		{FEB8ECB0-BF2A-49FD-B02D-ED969A6F0322}.Release|x86.ActiveCfg = Release|Any CPU
		{FEB8ECB0-BF2A-49FD-B02D-ED969A6F0322}.Release|x86.Build.0 = Release|Any CPU
		{CD893C1C-3437-4E1D-992A-CE557480FC1F}.Debug|Any CPU.ActiveCfg = Debug|Any CPU
		{CD893C1C-3437-4E1D-992A-CE557480FC1F}.Debug|Any CPU.Build.0 = Debug|Any CPU
		{CD893C1C-3437-4E1D-992A-CE557480FC1F}.Debug|x64.ActiveCfg = Debug|Any CPU
		{CD893C1C-3437-4E1D-992A-CE557480FC1F}.Debug|x64.Build.0 = Debug|Any CPU
		{CD893C1C-3437-4E1D-992A-CE557480FC1F}.Debug|x86.ActiveCfg = Debug|Any CPU
		{CD893C1C-3437-4E1D-992A-CE557480FC1F}.Debug|x86.Build.0 = Debug|Any CPU
		{CD893C1C-3437-4E1D-992A-CE557480FC1F}.Release|Any CPU.ActiveCfg = Release|Any CPU
		{CD893C1C-3437-4E1D-992A-CE557480FC1F}.Release|Any CPU.Build.0 = Release|Any CPU
		{CD893C1C-3437-4E1D-992A-CE557480FC1F}.Release|x64.ActiveCfg = Release|Any CPU
		{CD893C1C-3437-4E1D-992A-CE557480FC1F}.Release|x64.Build.0 = Release|Any CPU
		{CD893C1C-3437-4E1D-992A-CE557480FC1F}.Release|x86.ActiveCfg = Release|Any CPU
		{CD893C1C-3437-4E1D-992A-CE557480FC1F}.Release|x86.Build.0 = Release|Any CPU
		{BDC68253-B24D-4A26-BC98-D878B2499280}.Debug|Any CPU.ActiveCfg = Debug|Any CPU
		{BDC68253-B24D-4A26-BC98-D878B2499280}.Debug|Any CPU.Build.0 = Debug|Any CPU
		{BDC68253-B24D-4A26-BC98-D878B2499280}.Debug|x64.ActiveCfg = Debug|Any CPU
		{BDC68253-B24D-4A26-BC98-D878B2499280}.Debug|x64.Build.0 = Debug|Any CPU
		{BDC68253-B24D-4A26-BC98-D878B2499280}.Debug|x86.ActiveCfg = Debug|Any CPU
		{BDC68253-B24D-4A26-BC98-D878B2499280}.Debug|x86.Build.0 = Debug|Any CPU
		{BDC68253-B24D-4A26-BC98-D878B2499280}.Release|Any CPU.ActiveCfg = Release|Any CPU
		{BDC68253-B24D-4A26-BC98-D878B2499280}.Release|Any CPU.Build.0 = Release|Any CPU
		{BDC68253-B24D-4A26-BC98-D878B2499280}.Release|x64.ActiveCfg = Release|Any CPU
		{BDC68253-B24D-4A26-BC98-D878B2499280}.Release|x64.Build.0 = Release|Any CPU
		{BDC68253-B24D-4A26-BC98-D878B2499280}.Release|x86.ActiveCfg = Release|Any CPU
		{BDC68253-B24D-4A26-BC98-D878B2499280}.Release|x86.Build.0 = Release|Any CPU
		{0589B61A-39D0-40A4-8F38-837FA5E7F6D5}.Debug|Any CPU.ActiveCfg = Debug|Any CPU
		{0589B61A-39D0-40A4-8F38-837FA5E7F6D5}.Debug|Any CPU.Build.0 = Debug|Any CPU
		{0589B61A-39D0-40A4-8F38-837FA5E7F6D5}.Debug|x64.ActiveCfg = Debug|Any CPU
		{0589B61A-39D0-40A4-8F38-837FA5E7F6D5}.Debug|x64.Build.0 = Debug|Any CPU
		{0589B61A-39D0-40A4-8F38-837FA5E7F6D5}.Debug|x86.ActiveCfg = Debug|Any CPU
		{0589B61A-39D0-40A4-8F38-837FA5E7F6D5}.Debug|x86.Build.0 = Debug|Any CPU
		{0589B61A-39D0-40A4-8F38-837FA5E7F6D5}.Release|Any CPU.ActiveCfg = Release|Any CPU
		{0589B61A-39D0-40A4-8F38-837FA5E7F6D5}.Release|Any CPU.Build.0 = Release|Any CPU
		{0589B61A-39D0-40A4-8F38-837FA5E7F6D5}.Release|x64.ActiveCfg = Release|Any CPU
		{0589B61A-39D0-40A4-8F38-837FA5E7F6D5}.Release|x64.Build.0 = Release|Any CPU
		{0589B61A-39D0-40A4-8F38-837FA5E7F6D5}.Release|x86.ActiveCfg = Release|Any CPU
		{0589B61A-39D0-40A4-8F38-837FA5E7F6D5}.Release|x86.Build.0 = Release|Any CPU
		{6F1C3A89-17C8-4225-99DD-2D9BABB198E5}.Debug|Any CPU.ActiveCfg = Debug|Any CPU
		{6F1C3A89-17C8-4225-99DD-2D9BABB198E5}.Debug|Any CPU.Build.0 = Debug|Any CPU
		{6F1C3A89-17C8-4225-99DD-2D9BABB198E5}.Debug|x64.ActiveCfg = Debug|Any CPU
		{6F1C3A89-17C8-4225-99DD-2D9BABB198E5}.Debug|x64.Build.0 = Debug|Any CPU
		{6F1C3A89-17C8-4225-99DD-2D9BABB198E5}.Debug|x86.ActiveCfg = Debug|Any CPU
		{6F1C3A89-17C8-4225-99DD-2D9BABB198E5}.Debug|x86.Build.0 = Debug|Any CPU
		{6F1C3A89-17C8-4225-99DD-2D9BABB198E5}.Release|Any CPU.ActiveCfg = Release|Any CPU
		{6F1C3A89-17C8-4225-99DD-2D9BABB198E5}.Release|Any CPU.Build.0 = Release|Any CPU
		{6F1C3A89-17C8-4225-99DD-2D9BABB198E5}.Release|x64.ActiveCfg = Release|Any CPU
		{6F1C3A89-17C8-4225-99DD-2D9BABB198E5}.Release|x64.Build.0 = Release|Any CPU
		{6F1C3A89-17C8-4225-99DD-2D9BABB198E5}.Release|x86.ActiveCfg = Release|Any CPU
		{6F1C3A89-17C8-4225-99DD-2D9BABB198E5}.Release|x86.Build.0 = Release|Any CPU
	EndGlobalSection
	GlobalSection(NestedProjects) = preSolution
		{E4A2FB37-748E-41DF-872D-1F06C5DF2DB3} = {6F3FB67D-74A7-4915-9FF0-ACCB709C1089}
		{975E2BE9-7CC2-4206-AE26-DE68B51331CF} = {6F3FB67D-74A7-4915-9FF0-ACCB709C1089}
		{0589B61A-39D0-40A4-8F38-837FA5E7F6D5} = {6F3FB67D-74A7-4915-9FF0-ACCB709C1089}
	EndGlobalSection
EndGlobal
